
Microsoft Visual Studio Solution File, Format Version 12.00
# Visual Studio Version 16
VisualStudioVersion = 16.0.29905.134
MinimumVisualStudioVersion = 10.0.40219.1
Project("{2150E333-8FDC-42A3-9474-1A3956D46DE8}") = "1.0 - Presentation", "1.0 - Presentation", "{B47A0185-6CED-4831-A41A-C14924DC35FC}"
EndProject
Project("{FAE04EC0-301F-11D3-BF4B-00C04F79EFBC}") = "LoginKepper.WPF", "LoginKepper.WPF\LoginKepper.WPF.csproj", "{F111B820-D93F-4DF1-BF52-10B181EFE0EA}"
EndProject
Global
	GlobalSection(SolutionConfigurationPlatforms) = preSolution
		Debug|Any CPU = Debug|Any CPU
		Release|Any CPU = Release|Any CPU
	EndGlobalSection
	GlobalSection(ProjectConfigurationPlatforms) = postSolution
		{F111B820-D93F-4DF1-BF52-10B181EFE0EA}.Debug|Any CPU.ActiveCfg = Debug|Any CPU
		{F111B820-D93F-4DF1-BF52-10B181EFE0EA}.Debug|Any CPU.Build.0 = Debug|Any CPU
		{F111B820-D93F-4DF1-BF52-10B181EFE0EA}.Release|Any CPU.ActiveCfg = Release|Any CPU
		{F111B820-D93F-4DF1-BF52-10B181EFE0EA}.Release|Any CPU.Build.0 = Release|Any CPU
	EndGlobalSection
	GlobalSection(SolutionProperties) = preSolution
		HideSolutionNode = FALSE
	EndGlobalSection
	GlobalSection(NestedProjects) = preSolution
		{F111B820-D93F-4DF1-BF52-10B181EFE0EA} = {B47A0185-6CED-4831-A41A-C14924DC35FC}
	EndGlobalSection
	GlobalSection(ExtensibilityGlobals) = postSolution
		SolutionGuid = {0A09AA9C-46D7-48D6-9BB0-09C063FE8E03}
	EndGlobalSection
EndGlobal
